
Microsoft Visual Studio Solution File, Format Version 11.00
# Visual Studio 2010
Project("{F184B08F-C81C-45F6-A57F-5ABD9991F28F}") = "Comparing Fuel Cost", "Comparing Fuel Cost\Comparing Fuel Cost.vbproj", "{FA0D75B7-2985-43F7-B289-B35C38E151C6}"
EndProject
Global
	GlobalSection(SolutionConfigurationPlatforms) = preSolution
		Debug|x86 = Debug|x86
		Release|x86 = Release|x86
	EndGlobalSection
	GlobalSection(ProjectConfigurationPlatforms) = postSolution
		{FA0D75B7-2985-43F7-B289-B35C38E151C6}.Debug|x86.ActiveCfg = Debug|x86
		{FA0D75B7-2985-43F7-B289-B35C38E151C6}.Debug|x86.Build.0 = Debug|x86
		{FA0D75B7-2985-43F7-B289-B35C38E151C6}.Release|x86.ActiveCfg = Release|x86
		{FA0D75B7-2985-43F7-B289-B35C38E151C6}.Release|x86.Build.0 = Release|x86
	EndGlobalSection
	GlobalSection(SolutionProperties) = preSolution
		HideSolutionNode = FALSE
	EndGlobalSection
EndGlobal
